
Microsoft Visual Studio Solution File, Format Version 12.00
# Visual Studio Version 17
VisualStudioVersion = 17.6.33829.357
MinimumVisualStudioVersion = 10.0.40219.1
Project("{FAE04EC0-301F-11D3-BF4B-00C04F79EFBC}") = "12.10.23", "12.10.23\12.10.23.csproj", "{505EE77B-5AC6-4835-A86A-A5BAA56BC69D}"
EndProject
Global
	GlobalSection(SolutionConfigurationPlatforms) = preSolution
		Debug|Any CPU = Debug|Any CPU
		Release|Any CPU = Release|Any CPU
	EndGlobalSection
	GlobalSection(ProjectConfigurationPlatforms) = postSolution
		{505EE77B-5AC6-4835-A86A-A5BAA56BC69D}.Debug|Any CPU.ActiveCfg = Debug|Any CPU
		{505EE77B-5AC6-4835-A86A-A5BAA56BC69D}.Debug|Any CPU.Build.0 = Debug|Any CPU
		{505EE77B-5AC6-4835-A86A-A5BAA56BC69D}.Release|Any CPU.ActiveCfg = Release|Any CPU
		{505EE77B-5AC6-4835-A86A-A5BAA56BC69D}.Release|Any CPU.Build.0 = Release|Any CPU
	EndGlobalSection
	GlobalSection(SolutionProperties) = preSolution
		HideSolutionNode = FALSE
	EndGlobalSection
	GlobalSection(ExtensibilityGlobals) = postSolution
		SolutionGuid = {9E645804-EB1D-46C2-9009-4E9FFDF2F5CB}
	EndGlobalSection
EndGlobal
